// !$*UTF8*$!
{
	archiveVersion = 1;
	classes = {
	};
	objectVersion = 50;
	objects = {

/* Begin PBXBuildFile section */
		338F5E9821C5C1C1007D5833 /* AppDelegate.swift in Sources */ = {isa = PBXBuildFile; fileRef = 338F5E9721C5C1C1007D5833 /* AppDelegate.swift */; };
		338F5E9A21C5C1C1007D5833 /* ViewController.swift in Sources */ = {isa = PBXBuildFile; fileRef = 338F5E9921C5C1C1007D5833 /* ViewController.swift */; };
		338F5E9D21C5C1C1007D5833 /* Main.storyboard in Resources */ = {isa = PBXBuildFile; fileRef = 338F5E9B21C5C1C1007D5833 /* Main.storyboard */; };
		338F5E9F21C5C1C4007D5833 /* Assets.xcassets in Resources */ = {isa = PBXBuildFile; fileRef = 338F5E9E21C5C1C4007D5833 /* Assets.xcassets */; };
		338F5EA221C5C1C4007D5833 /* LaunchScreen.storyboard in Resources */ = {isa = PBXBuildFile; fileRef = 338F5EA021C5C1C4007D5833 /* LaunchScreen.storyboard */; };
		338F5EAD21C5C1C5007D5833 /* searchURLTests.swift in Sources */ = {isa = PBXBuildFile; fileRef = 338F5EAC21C5C1C5007D5833 /* searchURLTests.swift */; };
		338F5EB821C5C1C5007D5833 /* searchURLUITests.swift in Sources */ = {isa = PBXBuildFile; fileRef = 338F5EB721C5C1C5007D5833 /* searchURLUITests.swift */; };
/* End PBXBuildFile section */

/* Begin PBXContainerItemProxy section */
		338F5EA921C5C1C5007D5833 /* PBXContainerItemProxy */ = {
			isa = PBXContainerItemProxy;
			containerPortal = 338F5E8C21C5C1C1007D5833 /* Project object */;
			proxyType = 1;
			remoteGlobalIDString = 338F5E9321C5C1C1007D5833;
			remoteInfo = searchURL;
		};
		338F5EB421C5C1C5007D5833 /* PBXContainerItemProxy */ = {
			isa = PBXContainerItemProxy;
			containerPortal = 338F5E8C21C5C1C1007D5833 /* Project object */;
			proxyType = 1;
			remoteGlobalIDString = 338F5E9321C5C1C1007D5833;
			remoteInfo = searchURL;
		};
/* End PBXContainerItemProxy section */

/* Begin PBXFileReference section */
		338F5E9421C5C1C1007D5833 /* searchURL.app */ = {isa = PBXFileReference; explicitFileType = wrapper.application; includeInIndex = 0; path = searchURL.app; sourceTree = BUILT_PRODUCTS_DIR; };
		338F5E9721C5C1C1007D5833 /* AppDelegate.swift */ = {isa = PBXFileReference; lastKnownFileType = sourcecode.swift; path = AppDelegate.swift; sourceTree = "<group>"; };
		338F5E9921C5C1C1007D5833 /* ViewController.swift */ = {isa = PBXFileReference; lastKnownFileType = sourcecode.swift; path = ViewController.swift; sourceTree = "<group>"; };
		338F5E9C21C5C1C1007D5833 /* Base */ = {isa = PBXFileReference; lastKnownFileType = file.storyboard; name = Base; path = Base.lproj/Main.storyboard; sourceTree = "<group>"; };
		338F5E9E21C5C1C4007D5833 /* Assets.xcassets */ = {isa = PBXFileReference; lastKnownFileType = folder.assetcatalog; path = Assets.xcassets; sourceTree = "<group>"; };
		338F5EA121C5C1C4007D5833 /* Base */ = {isa = PBXFileReference; lastKnownFileType = file.storyboard; name = Base; path = Base.lproj/LaunchScreen.storyboard; sourceTree = "<group>"; };
		338F5EA321C5C1C4007D5833 /* Info.plist */ = {isa = PBXFileReference; lastKnownFileType = text.plist.xml; path = Info.plist; sourceTree = "<group>"; };
		338F5EA821C5C1C5007D5833 /* searchURLTests.xctest */ = {isa = PBXFileReference; explicitFileType = wrapper.cfbundle; includeInIndex = 0; path = searchURLTests.xctest; sourceTree = BUILT_PRODUCTS_DIR; };
		338F5EAC21C5C1C5007D5833 /* searchURLTests.swift */ = {isa = PBXFileReference; lastKnownFileType = sourcecode.swift; path = searchURLTests.swift; sourceTree = "<group>"; };
		338F5EAE21C5C1C5007D5833 /* Info.plist */ = {isa = PBXFileReference; lastKnownFileType = text.plist.xml; path = Info.plist; sourceTree = "<group>"; };
		338F5EB321C5C1C5007D5833 /* searchURLUITests.xctest */ = {isa = PBXFileReference; explicitFileType = wrapper.cfbundle; includeInIndex = 0; path = searchURLUITests.xctest; sourceTree = BUILT_PRODUCTS_DIR; };
		338F5EB721C5C1C5007D5833 /* searchURLUITests.swift */ = {isa = PBXFileReference; lastKnownFileType = sourcecode.swift; path = searchURLUITests.swift; sourceTree = "<group>"; };
		338F5EB921C5C1C5007D5833 /* Info.plist */ = {isa = PBXFileReference; lastKnownFileType = text.plist.xml; path = Info.plist; sourceTree = "<group>"; };
/* End PBXFileReference section */

/* Begin PBXFrameworksBuildPhase section */
		338F5E9121C5C1C1007D5833 /* Frameworks */ = {
			isa = PBXFrameworksBuildPhase;
			buildActionMask = 2147483647;
			files = (
			);
			runOnlyForDeploymentPostprocessing = 0;
		};
		338F5EA521C5C1C5007D5833 /* Frameworks */ = {
			isa = PBXFrameworksBuildPhase;
			buildActionMask = 2147483647;
			files = (
			);
			runOnlyForDeploymentPostprocessing = 0;
		};
		338F5EB021C5C1C5007D5833 /* Frameworks */ = {
			isa = PBXFrameworksBuildPhase;
			buildActionMask = 2147483647;
			files = (
			);
			runOnlyForDeploymentPostprocessing = 0;
		};
/* End PBXFrameworksBuildPhase section */

/* Begin PBXGroup section */
		338F5E8B21C5C1C1007D5833 = {
			isa = PBXGroup;
			children = (
				338F5E9621C5C1C1007D5833 /* searchURL */,
				338F5EAB21C5C1C5007D5833 /* searchURLTests */,
				338F5EB621C5C1C5007D5833 /* searchURLUITests */,
				338F5E9521C5C1C1007D5833 /* Products */,
			);
			sourceTree = "<group>";
		};
		338F5E9521C5C1C1007D5833 /* Products */ = {
			isa = PBXGroup;
			children = (
				338F5E9421C5C1C1007D5833 /* searchURL.app */,
				338F5EA821C5C1C5007D5833 /* searchURLTests.xctest */,
				338F5EB321C5C1C5007D5833 /* searchURLUITests.xctest */,
			);
			name = Products;
			sourceTree = "<group>";
		};
		338F5E9621C5C1C1007D5833 /* searchURL */ = {
			isa = PBXGroup;
			children = (
				338F5E9721C5C1C1007D5833 /* AppDelegate.swift */,
				338F5E9921C5C1C1007D5833 /* ViewController.swift */,
				338F5E9B21C5C1C1007D5833 /* Main.storyboard */,
				338F5E9E21C5C1C4007D5833 /* Assets.xcassets */,
				338F5EA021C5C1C4007D5833 /* LaunchScreen.storyboard */,
				338F5EA321C5C1C4007D5833 /* Info.plist */,
			);
			path = searchURL;
			sourceTree = "<group>";
		};
		338F5EAB21C5C1C5007D5833 /* searchURLTests */ = {
			isa = PBXGroup;
			children = (
				338F5EAC21C5C1C5007D5833 /* searchURLTests.swift */,
				338F5EAE21C5C1C5007D5833 /* Info.plist */,
			);
			path = searchURLTests;
			sourceTree = "<group>";
		};
		338F5EB621C5C1C5007D5833 /* searchURLUITests */ = {
			isa = PBXGroup;
			children = (
				338F5EB721C5C1C5007D5833 /* searchURLUITests.swift */,
				338F5EB921C5C1C5007D5833 /* Info.plist */,
			);
			path = searchURLUITests;
			sourceTree = "<group>";
		};
/* End PBXGroup section */

/* Begin PBXNativeTarget section */
		338F5E9321C5C1C1007D5833 /* searchURL */ = {
			isa = PBXNativeTarget;
			buildConfigurationList = 338F5EBC21C5C1C5007D5833 /* Build configuration list for PBXNativeTarget "searchURL" */;
			buildPhases = (
				338F5E9021C5C1C1007D5833 /* Sources */,
				338F5E9121C5C1C1007D5833 /* Frameworks */,
				338F5E9221C5C1C1007D5833 /* Resources */,
			);
			buildRules = (
			);
			dependencies = (
			);
			name = searchURL;
			productName = searchURL;
			productReference = 338F5E9421C5C1C1007D5833 /* searchURL.app */;
			productType = "com.apple.product-type.application";
		};
		338F5EA721C5C1C5007D5833 /* searchURLTests */ = {
			isa = PBXNativeTarget;
			buildConfigurationList = 338F5EBF21C5C1C5007D5833 /* Build configuration list for PBXNativeTarget "searchURLTests" */;
			buildPhases = (
				338F5EA421C5C1C5007D5833 /* Sources */,
				338F5EA521C5C1C5007D5833 /* Frameworks */,
				338F5EA621C5C1C5007D5833 /* Resources */,
			);
			buildRules = (
			);
			dependencies = (
				338F5EAA21C5C1C5007D5833 /* PBXTargetDependency */,
			);
			name = searchURLTests;
			productName = searchURLTests;
			productReference = 338F5EA821C5C1C5007D5833 /* searchURLTests.xctest */;
			productType = "com.apple.product-type.bundle.unit-test";
		};
		338F5EB221C5C1C5007D5833 /* searchURLUITests */ = {
			isa = PBXNativeTarget;
			buildConfigurationList = 338F5EC221C5C1C5007D5833 /* Build configuration list for PBXNativeTarget "searchURLUITests" */;
			buildPhases = (
				338F5EAF21C5C1C5007D5833 /* Sources */,
				338F5EB021C5C1C5007D5833 /* Frameworks */,
				338F5EB121C5C1C5007D5833 /* Resources */,
			);
			buildRules = (
			);
			dependencies = (
				338F5EB521C5C1C5007D5833 /* PBXTargetDependency */,
			);
			name = searchURLUITests;
			productName = searchURLUITests;
			productReference = 338F5EB321C5C1C5007D5833 /* searchURLUITests.xctest */;
			productType = "com.apple.product-type.bundle.ui-testing";
		};
/* End PBXNativeTarget section */

/* Begin PBXProject section */
		338F5E8C21C5C1C1007D5833 /* Project object */ = {
			isa = PBXProject;
			attributes = {
				LastSwiftUpdateCheck = 1010;
				LastUpgradeCheck = 1010;
				ORGANIZATIONNAME = "Jacob Bailosky";
				TargetAttributes = {
					338F5E9321C5C1C1007D5833 = {
						CreatedOnToolsVersion = 10.1;
					};
					338F5EA721C5C1C5007D5833 = {
						CreatedOnToolsVersion = 10.1;
						TestTargetID = 338F5E9321C5C1C1007D5833;
					};
					338F5EB221C5C1C5007D5833 = {
						CreatedOnToolsVersion = 10.1;
						TestTargetID = 338F5E9321C5C1C1007D5833;
					};
				};
			};
			buildConfigurationList = 338F5E8F21C5C1C1007D5833 /* Build configuration list for PBXProject "searchURL" */;
			compatibilityVersion = "Xcode 9.3";
			developmentRegion = en;
			hasScannedForEncodings = 0;
			knownRegions = (
				en,
				Base,
			);
			mainGroup = 338F5E8B21C5C1C1007D5833;
			productRefGroup = 338F5E9521C5C1C1007D5833 /* Products */;
			projectDirPath = "";
			projectRoot = "";
			targets = (
				338F5E9321C5C1C1007D5833 /* searchURL */,
				338F5EA721C5C1C5007D5833 /* searchURLTests */,
				338F5EB221C5C1C5007D5833 /* searchURLUITests */,
			);
		};
/* End PBXProject section */

/* Begin PBXResourcesBuildPhase section */
		338F5E9221C5C1C1007D5833 /* Resources */ = {
			isa = PBXResourcesBuildPhase;
			buildActionMask = 2147483647;
			files = (
				338F5EA221C5C1C4007D5833 /* LaunchScreen.storyboard in Resources */,
				338F5E9F21C5C1C4007D5833 /* Assets.xcassets in Resources */,
				338F5E9D21C5C1C1007D5833 /* Main.storyboard in Resources */,
			);
			runOnlyForDeploymentPostprocessing = 0;
		};
		338F5EA621C5C1C5007D5833 /* Resources */ = {
			isa = PBXResourcesBuildPhase;
			buildActionMask = 2147483647;
			files = (
			);
			runOnlyForDeploymentPostprocessing = 0;
		};
		338F5EB121C5C1C5007D5833 /* Resources */ = {
			isa = PBXResourcesBuildPhase;
			buildActionMask = 2147483647;
			files = (
			);
			runOnlyForDeploymentPostprocessing = 0;
		};
/* End PBXResourcesBuildPhase section */

/* Begin PBXSourcesBuildPhase section */
		338F5E9021C5C1C1007D5833 /* Sources */ = {
			isa = PBXSourcesBuildPhase;
			buildActionMask = 2147483647;
			files = (
				338F5E9A21C5C1C1007D5833 /* ViewController.swift in Sources */,
				338F5E9821C5C1C1007D5833 /* AppDelegate.swift in Sources */,
			);
			runOnlyForDeploymentPostprocessing = 0;
		};
		338F5EA421C5C1C5007D5833 /* Sources */ = {
			isa = PBXSourcesBuildPhase;
			buildActionMask = 2147483647;
			files = (
				338F5EAD21C5C1C5007D5833 /* searchURLTests.swift in Sources */,
			);
			runOnlyForDeploymentPostprocessing = 0;
		};
		338F5EAF21C5C1C5007D5833 /* Sources */ = {
			isa = PBXSourcesBuildPhase;
			buildActionMask = 2147483647;
			files = (
				338F5EB821C5C1C5007D5833 /* searchURLUITests.swift in Sources */,
			);
			runOnlyForDeploymentPostprocessing = 0;
		};
/* End PBXSourcesBuildPhase section */

/* Begin PBXTargetDependency section */
		338F5EAA21C5C1C5007D5833 /* PBXTargetDependency */ = {
			isa = PBXTargetDependency;
			target = 338F5E9321C5C1C1007D5833 /* searchURL */;
			targetProxy = 338F5EA921C5C1C5007D5833 /* PBXContainerItemProxy */;
		};
		338F5EB521C5C1C5007D5833 /* PBXTargetDependency */ = {
			isa = PBXTargetDependency;
			target = 338F5E9321C5C1C1007D5833 /* searchURL */;
			targetProxy = 338F5EB421C5C1C5007D5833 /* PBXContainerItemProxy */;
		};
/* End PBXTargetDependency section */

/* Begin PBXVariantGroup section */
		338F5E9B21C5C1C1007D5833 /* Main.storyboard */ = {
			isa = PBXVariantGroup;
			children = (
				338F5E9C21C5C1C1007D5833 /* Base */,
			);
			name = Main.storyboard;
			sourceTree = "<group>";
		};
		338F5EA021C5C1C4007D5833 /* LaunchScreen.storyboard */ = {
			isa = PBXVariantGroup;
			children = (
				338F5EA121C5C1C4007D5833 /* Base */,
			);
			name = LaunchScreen.storyboard;
			sourceTree = "<group>";
		};
/* End PBXVariantGroup section */

/* Begin XCBuildConfiguration section */
		338F5EBA21C5C1C5007D5833 /* Debug */ = {
			isa = XCBuildConfiguration;
			buildSettings = {
				ALWAYS_SEARCH_USER_PATHS = NO;
				CLANG_ANALYZER_NONNULL = YES;
				CLANG_ANALYZER_NUMBER_OBJECT_CONVERSION = YES_AGGRESSIVE;
				CLANG_CXX_LANGUAGE_STANDARD = "gnu++14";
				CLANG_CXX_LIBRARY = "libc++";
				CLANG_ENABLE_MODULES = YES;
				CLANG_ENABLE_OBJC_ARC = YES;
				CLANG_ENABLE_OBJC_WEAK = YES;
				CLANG_WARN_BLOCK_CAPTURE_AUTORELEASING = YES;
				CLANG_WARN_BOOL_CONVERSION = YES;
				CLANG_WARN_COMMA = YES;
				CLANG_WARN_CONSTANT_CONVERSION = YES;
				CLANG_WARN_DEPRECATED_OBJC_IMPLEMENTATIONS = YES;
				CLANG_WARN_DIRECT_OBJC_ISA_USAGE = YES_ERROR;
				CLANG_WARN_DOCUMENTATION_COMMENTS = YES;
				CLANG_WARN_EMPTY_BODY = YES;
				CLANG_WARN_ENUM_CONVERSION = YES;
				CLANG_WARN_INFINITE_RECURSION = YES;
				CLANG_WARN_INT_CONVERSION = YES;
				CLANG_WARN_NON_LITERAL_NULL_CONVERSION = YES;
				CLANG_WARN_OBJC_IMPLICIT_RETAIN_SELF = YES;
				CLANG_WARN_OBJC_LITERAL_CONVERSION = YES;
				CLANG_WARN_OBJC_ROOT_CLASS = YES_ERROR;
				CLANG_WARN_RANGE_LOOP_ANALYSIS = YES;
				CLANG_WARN_STRICT_PROTOTYPES = YES;
				CLANG_WARN_SUSPICIOUS_MOVE = YES;
				CLANG_WARN_UNGUARDED_AVAILABILITY = YES_AGGRESSIVE;
				CLANG_WARN_UNREACHABLE_CODE = YES;
				CLANG_WARN__DUPLICATE_METHOD_MATCH = YES;
				CODE_SIGN_IDENTITY = "iPhone Developer";
				COPY_PHASE_STRIP = NO;
				DEBUG_INFORMATION_FORMAT = dwarf;
				ENABLE_STRICT_OBJC_MSGSEND = YES;
				ENABLE_TESTABILITY = YES;
				GCC_C_LANGUAGE_STANDARD = gnu11;
				GCC_DYNAMIC_NO_PIC = NO;
				GCC_NO_COMMON_BLOCKS = YES;
				GCC_OPTIMIZATION_LEVEL = 0;
				GCC_PREPROCESSOR_DEFINITIONS = (
					"DEBUG=1",
					"$(inherited)",
				);
				GCC_WARN_64_TO_32_BIT_CONVERSION = YES;
				GCC_WARN_ABOUT_RETURN_TYPE = YES_ERROR;
				GCC_WARN_UNDECLARED_SELECTOR = YES;
				GCC_WARN_UNINITIALIZED_AUTOS = YES_AGGRESSIVE;
				GCC_WARN_UNUSED_FUNCTION = YES;
				GCC_WARN_UNUSED_VARIABLE = YES;
				IPHONEOS_DEPLOYMENT_TARGET = 12.1;
				MTL_ENABLE_DEBUG_INFO = INCLUDE_SOURCE;
				MTL_FAST_MATH = YES;
				ONLY_ACTIVE_ARCH = YES;
				SDKROOT = iphoneos;
				SWIFT_ACTIVE_COMPILATION_CONDITIONS = DEBUG;
				SWIFT_OPTIMIZATION_LEVEL = "-Onone";
			};
			name = Debug;
		};
		338F5EBB21C5C1C5007D5833 /* Release */ = {
			isa = XCBuildConfiguration;
			buildSettings = {
				ALWAYS_SEARCH_USER_PATHS = NO;
				CLANG_ANALYZER_NONNULL = YES;
				CLANG_ANALYZER_NUMBER_OBJECT_CONVERSION = YES_AGGRESSIVE;
				CLANG_CXX_LANGUAGE_STANDARD = "gnu++14";
				CLANG_CXX_LIBRARY = "libc++";
				CLANG_ENABLE_MODULES = YES;
				CLANG_ENABLE_OBJC_ARC = YES;
				CLANG_ENABLE_OBJC_WEAK = YES;
				CLANG_WARN_BLOCK_CAPTURE_AUTORELEASING = YES;
				CLANG_WARN_BOOL_CONVERSION = YES;
				CLANG_WARN_COMMA = YES;
				CLANG_WARN_CONSTANT_CONVERSION = YES;
				CLANG_WARN_DEPRECATED_OBJC_IMPLEMENTATIONS = YES;
				CLANG_WARN_DIRECT_OBJC_ISA_USAGE = YES_ERROR;
				CLANG_WARN_DOCUMENTATION_COMMENTS = YES;
				CLANG_WARN_EMPTY_BODY = YES;
				CLANG_WARN_ENUM_CONVERSION = YES;
				CLANG_WARN_INFINITE_RECURSION = YES;
				CLANG_WARN_INT_CONVERSION = YES;
				CLANG_WARN_NON_LITERAL_NULL_CONVERSION = YES;
				CLANG_WARN_OBJC_IMPLICIT_RETAIN_SELF = YES;
				CLANG_WARN_OBJC_LITERAL_CONVERSION = YES;
				CLANG_WARN_OBJC_ROOT_CLASS = YES_ERROR;
				CLANG_WARN_RANGE_LOOP_ANALYSIS = YES;
				CLANG_WARN_STRICT_PROTOTYPES = YES;
				CLANG_WARN_SUSPICIOUS_MOVE = YES;
				CLANG_WARN_UNGUARDED_AVAILABILITY = YES_AGGRESSIVE;
				CLANG_WARN_UNREACHABLE_CODE = YES;
				CLANG_WARN__DUPLICATE_METHOD_MATCH = YES;
				CODE_SIGN_IDENTITY = "iPhone Developer";
				COPY_PHASE_STRIP = NO;
				DEBUG_INFORMATION_FORMAT = "dwarf-with-dsym";
				ENABLE_NS_ASSERTIONS = NO;
				ENABLE_STRICT_OBJC_MSGSEND = YES;
				GCC_C_LANGUAGE_STANDARD = gnu11;
				GCC_NO_COMMON_BLOCKS = YES;
				GCC_WARN_64_TO_32_BIT_CONVERSION = YES;
				GCC_WARN_ABOUT_RETURN_TYPE = YES_ERROR;
				GCC_WARN_UNDECLARED_SELECTOR = YES;
				GCC_WARN_UNINITIALIZED_AUTOS = YES_AGGRESSIVE;
				GCC_WARN_UNUSED_FUNCTION = YES;
				GCC_WARN_UNUSED_VARIABLE = YES;
				IPHONEOS_DEPLOYMENT_TARGET = 12.1;
				MTL_ENABLE_DEBUG_INFO = NO;
				MTL_FAST_MATH = YES;
				SDKROOT = iphoneos;
				SWIFT_COMPILATION_MODE = wholemodule;
				SWIFT_OPTIMIZATION_LEVEL = "-O";
				VALIDATE_PRODUCT = YES;
			};
			name = Release;
		};
		338F5EBD21C5C1C5007D5833 /* Debug */ = {
			isa = XCBuildConfiguration;
			buildSettings = {
				ASSETCATALOG_COMPILER_APPICON_NAME = AppIcon;
				CODE_SIGN_STYLE = Automatic;
				DEVELOPMENT_TEAM = EFRXL2SBW5;
				INFOPLIST_FILE = searchURL/Info.plist;
				LD_RUNPATH_SEARCH_PATHS = (
					"$(inherited)",
					"@executable_path/Frameworks",
				);
				PRODUCT_BUNDLE_IDENTIFIER = com.projitechllc.searchURL;
				PRODUCT_NAME = "$(TARGET_NAME)";
				SWIFT_VERSION = 4.2;
				TARGETED_DEVICE_FAMILY = "1,2";
			};
			name = Debug;
		};
		338F5EBE21C5C1C5007D5833 /* Release */ = {
			isa = XCBuildConfiguration;
			buildSettings = {
				ASSETCATALOG_COMPILER_APPICON_NAME = AppIcon;
				CODE_SIGN_STYLE = Automatic;
				DEVELOPMENT_TEAM = EFRXL2SBW5;
				INFOPLIST_FILE = searchURL/Info.plist;
				LD_RUNPATH_SEARCH_PATHS = (
					"$(inherited)",
					"@executable_path/Frameworks",
				);
				PRODUCT_BUNDLE_IDENTIFIER = com.projitechllc.searchURL;
				PRODUCT_NAME = "$(TARGET_NAME)";
				SWIFT_VERSION = 4.2;
				TARGETED_DEVICE_FAMILY = "1,2";
			};
			name = Release;
		};
		338F5EC021C5C1C5007D5833 /* Debug */ = {
			isa = XCBuildConfiguration;
			buildSettings = {
				ALWAYS_EMBED_SWIFT_STANDARD_LIBRARIES = YES;
				BUNDLE_LOADER = "$(TEST_HOST)";
				CODE_SIGN_STYLE = Automatic;
				INFOPLIST_FILE = searchURLTests/Info.plist;
				LD_RUNPATH_SEARCH_PATHS = (
					"$(inherited)",
					"@executable_path/Frameworks",
					"@loader_path/Frameworks",
				);
				PRODUCT_BUNDLE_IDENTIFIER = com.projitechllc.searchURLTests;
				PRODUCT_NAME = "$(TARGET_NAME)";
				SWIFT_VERSION = 4.2;
				TARGETED_DEVICE_FAMILY = "1,2";
				TEST_HOST = "$(BUILT_PRODUCTS_DIR)/searchURL.app/searchURL";
			};
			name = Debug;
		};
		338F5EC121C5C1C5007D5833 /* Release */ = {
			isa = XCBuildConfiguration;
			buildSettings = {
				ALWAYS_EMBED_SWIFT_STANDARD_LIBRARIES = YES;
				BUNDLE_LOADER = "$(TEST_HOST)";
				CODE_SIGN_STYLE = Automatic;
				INFOPLIST_FILE = searchURLTests/Info.plist;
				LD_RUNPATH_SEARCH_PATHS = (
					"$(inherited)",
					"@executable_path/Frameworks",
					"@loader_path/Frameworks",
				);
				PRODUCT_BUNDLE_IDENTIFIER = com.projitechllc.searchURLTests;
				PRODUCT_NAME = "$(TARGET_NAME)";
				SWIFT_VERSION = 4.2;
				TARGETED_DEVICE_FAMILY = "1,2";
				TEST_HOST = "$(BUILT_PRODUCTS_DIR)/searchURL.app/searchURL";
			};
			name = Release;
		};
		338F5EC321C5C1C5007D5833 /* Debug */ = {
			isa = XCBuildConfiguration;
			buildSettings = {
				ALWAYS_EMBED_SWIFT_STANDARD_LIBRARIES = YES;
				CODE_SIGN_STYLE = Automatic;
				INFOPLIST_FILE = searchURLUITests/Info.plist;
				LD_RUNPATH_SEARCH_PATHS = (
					"$(inherited)",
					"@executable_path/Frameworks",
					"@loader_path/Frameworks",
				);
				PRODUCT_BUNDLE_IDENTIFIER = com.projitechllc.searchURLUITests;
				PRODUCT_NAME = "$(TARGET_NAME)";
				SWIFT_VERSION = 4.2;
				TARGETED_DEVICE_FAMILY = "1,2";
				TEST_TARGET_NAME = searchURL;
			};
			name = Debug;
		};
		338F5EC421C5C1C5007D5833 /* Release */ = {
			isa = XCBuildConfiguration;
			buildSettings = {
				ALWAYS_EMBED_SWIFT_STANDARD_LIBRARIES = YES;
				CODE_SIGN_STYLE = Automatic;
				INFOPLIST_FILE = searchURLUITests/Info.plist;
				LD_RUNPATH_SEARCH_PATHS = (
					"$(inherited)",
					"@executable_path/Frameworks",
					"@loader_path/Frameworks",
				);
				PRODUCT_BUNDLE_IDENTIFIER = com.projitechllc.searchURLUITests;
				PRODUCT_NAME = "$(TARGET_NAME)";
				SWIFT_VERSION = 4.2;
				TARGETED_DEVICE_FAMILY = "1,2";
				TEST_TARGET_NAME = searchURL;
			};
			name = Release;
		};
/* End XCBuildConfiguration section */

/* Begin XCConfigurationList section */
		338F5E8F21C5C1C1007D5833 /* Build configuration list for PBXProject "searchURL" */ = {
			isa = XCConfigurationList;
			buildConfigurations = (
				338F5EBA21C5C1C5007D5833 /* Debug */,
				338F5EBB21C5C1C5007D5833 /* Release */,
			);
			defaultConfigurationIsVisible = 0;
			defaultConfigurationName = Release;
		};
		338F5EBC21C5C1C5007D5833 /* Build configuration list for PBXNativeTarget "searchURL" */ = {
			isa = XCConfigurationList;
			buildConfigurations = (
				338F5EBD21C5C1C5007D5833 /* Debug */,
				338F5EBE21C5C1C5007D5833 /* Release */,
			);
			defaultConfigurationIsVisible = 0;
			defaultConfigurationName = Release;
		};
		338F5EBF21C5C1C5007D5833 /* Build configuration list for PBXNativeTarget "searchURLTests" */ = {
			isa = XCConfigurationList;
			buildConfigurations = (
				338F5EC021C5C1C5007D5833 /* Debug */,
				338F5EC121C5C1C5007D5833 /* Release */,
			);
			defaultConfigurationIsVisible = 0;
			defaultConfigurationName = Release;
		};
		338F5EC221C5C1C5007D5833 /* Build configuration list for PBXNativeTarget "searchURLUITests" */ = {
			isa = XCConfigurationList;
			buildConfigurations = (
				338F5EC321C5C1C5007D5833 /* Debug */,
				338F5EC421C5C1C5007D5833 /* Release */,
			);
			defaultConfigurationIsVisible = 0;
			defaultConfigurationName = Release;
		};
/* End XCConfigurationList section */
	};
	rootObject = 338F5E8C21C5C1C1007D5833 /* Project object */;
}
